// !$*UTF8*$!
{
	archiveVersion = 1;
	classes = {
	};
	objectVersion = 56;
	objects = {

/* Begin PBXBuildFile section */
		D6AEAC172B9B1DF200F7767B /* YapcamApp.swift in Sources */ = {isa = PBXBuildFile; fileRef = D6AEAC162B9B1DF200F7767B /* YapcamApp.swift */; };
		D6AEAC192B9B1DF200F7767B /* ContentView.swift in Sources */ = {isa = PBXBuildFile; fileRef = D6AEAC182B9B1DF200F7767B /* ContentView.swift */; };
		D6AEAC1B2B9B1DF300F7767B /* Assets.xcassets in Resources */ = {isa = PBXBuildFile; fileRef = D6AEAC1A2B9B1DF300F7767B /* Assets.xcassets */; };
		D6AEAC1E2B9B1DF300F7767B /* Preview Assets.xcassets in Resources */ = {isa = PBXBuildFile; fileRef = D6AEAC1D2B9B1DF300F7767B /* Preview Assets.xcassets */; };
		D6AEAC202B9B1DF300F7767B /* Persistence.swift in Sources */ = {isa = PBXBuildFile; fileRef = D6AEAC1F2B9B1DF300F7767B /* Persistence.swift */; };
		D6AEAC232B9B1DF300F7767B /* Yapcam.xcdatamodeld in Sources */ = {isa = PBXBuildFile; fileRef = D6AEAC212B9B1DF300F7767B /* Yapcam.xcdatamodeld */; };
		D6AEAC2B2B9B1E8200F7767B /* AddToDoView.swift in Sources */ = {isa = PBXBuildFile; fileRef = D6AEAC2A2B9B1E8200F7767B /* AddToDoView.swift */; };
/* End PBXBuildFile section */

/* Begin PBXFileReference section */
		D6AEAC132B9B1DF200F7767B /* Yapcam.app */ = {isa = PBXFileReference; explicitFileType = wrapper.application; includeInIndex = 0; path = Yapcam.app; sourceTree = BUILT_PRODUCTS_DIR; };
		D6AEAC162B9B1DF200F7767B /* YapcamApp.swift */ = {isa = PBXFileReference; lastKnownFileType = sourcecode.swift; path = YapcamApp.swift; sourceTree = "<group>"; };
		D6AEAC182B9B1DF200F7767B /* ContentView.swift */ = {isa = PBXFileReference; lastKnownFileType = sourcecode.swift; path = ContentView.swift; sourceTree = "<group>"; };
		D6AEAC1A2B9B1DF300F7767B /* Assets.xcassets */ = {isa = PBXFileReference; lastKnownFileType = folder.assetcatalog; path = Assets.xcassets; sourceTree = "<group>"; };
		D6AEAC1D2B9B1DF300F7767B /* Preview Assets.xcassets */ = {isa = PBXFileReference; lastKnownFileType = folder.assetcatalog; path = "Preview Assets.xcassets"; sourceTree = "<group>"; };
		D6AEAC1F2B9B1DF300F7767B /* Persistence.swift */ = {isa = PBXFileReference; lastKnownFileType = sourcecode.swift; path = Persistence.swift; sourceTree = "<group>"; };
		D6AEAC222B9B1DF300F7767B /* Yapcam.xcdatamodel */ = {isa = PBXFileReference; lastKnownFileType = wrapper.xcdatamodel; path = Yapcam.xcdatamodel; sourceTree = "<group>"; };
		D6AEAC2A2B9B1E8200F7767B /* AddToDoView.swift */ = {isa = PBXFileReference; lastKnownFileType = sourcecode.swift; path = AddToDoView.swift; sourceTree = "<group>"; };
/* End PBXFileReference section */

/* Begin PBXFrameworksBuildPhase section */
		D6AEAC102B9B1DF200F7767B /* Frameworks */ = {
			isa = PBXFrameworksBuildPhase;
			buildActionMask = 2147483647;
			files = (
			);
			runOnlyForDeploymentPostprocessing = 0;
		};
/* End PBXFrameworksBuildPhase section */

/* Begin PBXGroup section */
		D6AEAC0A2B9B1DF200F7767B = {
			isa = PBXGroup;
			children = (
				D6AEAC152B9B1DF200F7767B /* Yapcam */,
				D6AEAC142B9B1DF200F7767B /* Products */,
			);
			sourceTree = "<group>";
		};
		D6AEAC142B9B1DF200F7767B /* Products */ = {
			isa = PBXGroup;
			children = (
				D6AEAC132B9B1DF200F7767B /* Yapcam.app */,
			);
			name = Products;
			sourceTree = "<group>";
		};
		D6AEAC152B9B1DF200F7767B /* Yapcam */ = {
			isa = PBXGroup;
			children = (
				D6AEAC162B9B1DF200F7767B /* YapcamApp.swift */,
				D6AEAC292B9B1E7100F7767B /* View */,
				D6AEAC1A2B9B1DF300F7767B /* Assets.xcassets */,
				D6AEAC1F2B9B1DF300F7767B /* Persistence.swift */,
				D6AEAC212B9B1DF300F7767B /* Yapcam.xcdatamodeld */,
				D6AEAC1C2B9B1DF300F7767B /* Preview Content */,
			);
			path = Yapcam;
			sourceTree = "<group>";
		};
		D6AEAC1C2B9B1DF300F7767B /* Preview Content */ = {
			isa = PBXGroup;
			children = (
				D6AEAC1D2B9B1DF300F7767B /* Preview Assets.xcassets */,
			);
			path = "Preview Content";
			sourceTree = "<group>";
		};
		D6AEAC292B9B1E7100F7767B /* View */ = {
			isa = PBXGroup;
			children = (
				D6AEAC182B9B1DF200F7767B /* ContentView.swift */,
				D6AEAC2A2B9B1E8200F7767B /* AddToDoView.swift */,
			);
			path = View;
			sourceTree = "<group>";
		};
/* End PBXGroup section */

/* Begin PBXNativeTarget section */
		D6AEAC122B9B1DF200F7767B /* Yapcam */ = {
			isa = PBXNativeTarget;
			buildConfigurationList = D6AEAC262B9B1DF300F7767B /* Build configuration list for PBXNativeTarget "Yapcam" */;
			buildPhases = (
				D6AEAC0F2B9B1DF200F7767B /* Sources */,
				D6AEAC102B9B1DF200F7767B /* Frameworks */,
				D6AEAC112B9B1DF200F7767B /* Resources */,
			);
			buildRules = (
			);
			dependencies = (
			);
			name = Yapcam;
			productName = Yapcam;
			productReference = D6AEAC132B9B1DF200F7767B /* Yapcam.app */;
			productType = "com.apple.product-type.application";
		};
/* End PBXNativeTarget section */

/* Begin PBXProject section */
		D6AEAC0B2B9B1DF200F7767B /* Project object */ = {
			isa = PBXProject;
			attributes = {
				BuildIndependentTargetsInParallel = 1;
				LastSwiftUpdateCheck = 1520;
				LastUpgradeCheck = 1520;
				TargetAttributes = {
					D6AEAC122B9B1DF200F7767B = {
						CreatedOnToolsVersion = 15.2;
					};
				};
			};
			buildConfigurationList = D6AEAC0E2B9B1DF200F7767B /* Build configuration list for PBXProject "Yapcam" */;
			compatibilityVersion = "Xcode 14.0";
			developmentRegion = en;
			hasScannedForEncodings = 0;
			knownRegions = (
				en,
				Base,
			);
			mainGroup = D6AEAC0A2B9B1DF200F7767B;
			productRefGroup = D6AEAC142B9B1DF200F7767B /* Products */;
			projectDirPath = "";
			projectRoot = "";
			targets = (
				D6AEAC122B9B1DF200F7767B /* Yapcam */,
			);
		};
/* End PBXProject section */

/* Begin PBXResourcesBuildPhase section */
		D6AEAC112B9B1DF200F7767B /* Resources */ = {
			isa = PBXResourcesBuildPhase;
			buildActionMask = 2147483647;
			files = (
				D6AEAC1E2B9B1DF300F7767B /* Preview Assets.xcassets in Resources */,
				D6AEAC1B2B9B1DF300F7767B /* Assets.xcassets in Resources */,
			);
			runOnlyForDeploymentPostprocessing = 0;
		};
/* End PBXResourcesBuildPhase section */

/* Begin PBXSourcesBuildPhase section */
		D6AEAC0F2B9B1DF200F7767B /* Sources */ = {
			isa = PBXSourcesBuildPhase;
			buildActionMask = 2147483647;
			files = (
				D6AEAC202B9B1DF300F7767B /* Persistence.swift in Sources */,
				D6AEAC2B2B9B1E8200F7767B /* AddToDoView.swift in Sources */,
				D6AEAC192B9B1DF200F7767B /* ContentView.swift in Sources */,
				D6AEAC232B9B1DF300F7767B /* Yapcam.xcdatamodeld in Sources */,
				D6AEAC172B9B1DF200F7767B /* YapcamApp.swift in Sources */,
			);
			runOnlyForDeploymentPostprocessing = 0;
		};
/* End PBXSourcesBuildPhase section */

/* Begin XCBuildConfiguration section */
		D6AEAC242B9B1DF300F7767B /* Debug */ = {
			isa = XCBuildConfiguration;
			buildSettings = {
				ALWAYS_SEARCH_USER_PATHS = NO;
				ASSETCATALOG_COMPILER_GENERATE_SWIFT_ASSET_SYMBOL_EXTENSIONS = YES;
				CLANG_ANALYZER_NONNULL = YES;
				CLANG_ANALYZER_NUMBER_OBJECT_CONVERSION = YES_AGGRESSIVE;
				CLANG_CXX_LANGUAGE_STANDARD = "gnu++20";
				CLANG_ENABLE_MODULES = YES;
				CLANG_ENABLE_OBJC_ARC = YES;
				CLANG_ENABLE_OBJC_WEAK = YES;
				CLANG_WARN_BLOCK_CAPTURE_AUTORELEASING = YES;
				CLANG_WARN_BOOL_CONVERSION = YES;
				CLANG_WARN_COMMA = YES;
				CLANG_WARN_CONSTANT_CONVERSION = YES;
				CLANG_WARN_DEPRECATED_OBJC_IMPLEMENTATIONS = YES;
				CLANG_WARN_DIRECT_OBJC_ISA_USAGE = YES_ERROR;
				CLANG_WARN_DOCUMENTATION_COMMENTS = YES;
				CLANG_WARN_EMPTY_BODY = YES;
				CLANG_WARN_ENUM_CONVERSION = YES;
				CLANG_WARN_INFINITE_RECURSION = YES;
				CLANG_WARN_INT_CONVERSION = YES;
				CLANG_WARN_NON_LITERAL_NULL_CONVERSION = YES;
				CLANG_WARN_OBJC_IMPLICIT_RETAIN_SELF = YES;
				CLANG_WARN_OBJC_LITERAL_CONVERSION = YES;
				CLANG_WARN_OBJC_ROOT_CLASS = YES_ERROR;
				CLANG_WARN_QUOTED_INCLUDE_IN_FRAMEWORK_HEADER = YES;
				CLANG_WARN_RANGE_LOOP_ANALYSIS = YES;
				CLANG_WARN_STRICT_PROTOTYPES = YES;
				CLANG_WARN_SUSPICIOUS_MOVE = YES;
				CLANG_WARN_UNGUARDED_AVAILABILITY = YES_AGGRESSIVE;
				CLANG_WARN_UNREACHABLE_CODE = YES;
				CLANG_WARN__DUPLICATE_METHOD_MATCH = YES;
				COPY_PHASE_STRIP = NO;
				DEBUG_INFORMATION_FORMAT = dwarf;
				ENABLE_STRICT_OBJC_MSGSEND = YES;
				ENABLE_TESTABILITY = YES;
				ENABLE_USER_SCRIPT_SANDBOXING = YES;
				GCC_C_LANGUAGE_STANDARD = gnu17;
				GCC_DYNAMIC_NO_PIC = NO;
				GCC_NO_COMMON_BLOCKS = YES;
				GCC_OPTIMIZATION_LEVEL = 0;
				GCC_PREPROCESSOR_DEFINITIONS = (
					"DEBUG=1",
					"$(inherited)",
				);
				GCC_WARN_64_TO_32_BIT_CONVERSION = YES;
				GCC_WARN_ABOUT_RETURN_TYPE = YES_ERROR;
				GCC_WARN_UNDECLARED_SELECTOR = YES;
				GCC_WARN_UNINITIALIZED_AUTOS = YES_AGGRESSIVE;
				GCC_WARN_UNUSED_FUNCTION = YES;
				GCC_WARN_UNUSED_VARIABLE = YES;
				IPHONEOS_DEPLOYMENT_TARGET = 17.2;
				LOCALIZATION_PREFERS_STRING_CATALOGS = YES;
				MTL_ENABLE_DEBUG_INFO = INCLUDE_SOURCE;
				MTL_FAST_MATH = YES;
				ONLY_ACTIVE_ARCH = YES;
				SDKROOT = iphoneos;
				SWIFT_ACTIVE_COMPILATION_CONDITIONS = "DEBUG $(inherited)";
				SWIFT_OPTIMIZATION_LEVEL = "-Onone";
			};
			name = Debug;
		};
		D6AEAC252B9B1DF300F7767B /* Release */ = {
			isa = XCBuildConfiguration;
			buildSettings = {
				ALWAYS_SEARCH_USER_PATHS = NO;
				ASSETCATALOG_COMPILER_GENERATE_SWIFT_ASSET_SYMBOL_EXTENSIONS = YES;
				CLANG_ANALYZER_NONNULL = YES;
				CLANG_ANALYZER_NUMBER_OBJECT_CONVERSION = YES_AGGRESSIVE;
				CLANG_CXX_LANGUAGE_STANDARD = "gnu++20";
				CLANG_ENABLE_MODULES = YES;
				CLANG_ENABLE_OBJC_ARC = YES;
				CLANG_ENABLE_OBJC_WEAK = YES;
				CLANG_WARN_BLOCK_CAPTURE_AUTORELEASING = YES;
				CLANG_WARN_BOOL_CONVERSION = YES;
				CLANG_WARN_COMMA = YES;
				CLANG_WARN_CONSTANT_CONVERSION = YES;
				CLANG_WARN_DEPRECATED_OBJC_IMPLEMENTATIONS = YES;
				CLANG_WARN_DIRECT_OBJC_ISA_USAGE = YES_ERROR;
				CLANG_WARN_DOCUMENTATION_COMMENTS = YES;
				CLANG_WARN_EMPTY_BODY = YES;
				CLANG_WARN_ENUM_CONVERSION = YES;
				CLANG_WARN_INFINITE_RECURSION = YES;
				CLANG_WARN_INT_CONVERSION = YES;
				CLANG_WARN_NON_LITERAL_NULL_CONVERSION = YES;
				CLANG_WARN_OBJC_IMPLICIT_RETAIN_SELF = YES;
				CLANG_WARN_OBJC_LITERAL_CONVERSION = YES;
				CLANG_WARN_OBJC_ROOT_CLASS = YES_ERROR;
				CLANG_WARN_QUOTED_INCLUDE_IN_FRAMEWORK_HEADER = YES;
				CLANG_WARN_RANGE_LOOP_ANALYSIS = YES;
				CLANG_WARN_STRICT_PROTOTYPES = YES;
				CLANG_WARN_SUSPICIOUS_MOVE = YES;
				CLANG_WARN_UNGUARDED_AVAILABILITY = YES_AGGRESSIVE;
				CLANG_WARN_UNREACHABLE_CODE = YES;
				CLANG_WARN__DUPLICATE_METHOD_MATCH = YES;
				COPY_PHASE_STRIP = NO;
				DEBUG_INFORMATION_FORMAT = "dwarf-with-dsym";
				ENABLE_NS_ASSERTIONS = NO;
				ENABLE_STRICT_OBJC_MSGSEND = YES;
				ENABLE_USER_SCRIPT_SANDBOXING = YES;
				GCC_C_LANGUAGE_STANDARD = gnu17;
				GCC_NO_COMMON_BLOCKS = YES;
				GCC_WARN_64_TO_32_BIT_CONVERSION = YES;
				GCC_WARN_ABOUT_RETURN_TYPE = YES_ERROR;
				GCC_WARN_UNDECLARED_SELECTOR = YES;
				GCC_WARN_UNINITIALIZED_AUTOS = YES_AGGRESSIVE;
				GCC_WARN_UNUSED_FUNCTION = YES;
				GCC_WARN_UNUSED_VARIABLE = YES;
				IPHONEOS_DEPLOYMENT_TARGET = 17.2;
				LOCALIZATION_PREFERS_STRING_CATALOGS = YES;
				MTL_ENABLE_DEBUG_INFO = NO;
				MTL_FAST_MATH = YES;
				SDKROOT = iphoneos;
				SWIFT_COMPILATION_MODE = wholemodule;
				VALIDATE_PRODUCT = YES;
			};
			name = Release;
		};
		D6AEAC272B9B1DF300F7767B /* Debug */ = {
			isa = XCBuildConfiguration;
			buildSettings = {
				ASSETCATALOG_COMPILER_APPICON_NAME = AppIcon;
				ASSETCATALOG_COMPILER_GLOBAL_ACCENT_COLOR_NAME = AccentColor;
				CODE_SIGN_STYLE = Automatic;
				CURRENT_PROJECT_VERSION = 1;
				DEVELOPMENT_ASSET_PATHS = "\"Yapcam/Preview Content\"";
				ENABLE_PREVIEWS = YES;
				GENERATE_INFOPLIST_FILE = YES;
				INFOPLIST_KEY_UIApplicationSceneManifest_Generation = YES;
				INFOPLIST_KEY_UIApplicationSupportsIndirectInputEvents = YES;
				INFOPLIST_KEY_UILaunchScreen_Generation = YES;
				INFOPLIST_KEY_UISupportedInterfaceOrientations_iPad = "UIInterfaceOrientationPortrait UIInterfaceOrientationPortraitUpsideDown UIInterfaceOrientationLandscapeLeft UIInterfaceOrientationLandscapeRight";
				INFOPLIST_KEY_UISupportedInterfaceOrientations_iPhone = "UIInterfaceOrientationPortrait UIInterfaceOrientationLandscapeLeft UIInterfaceOrientationLandscapeRight";
				LD_RUNPATH_SEARCH_PATHS = (
					"$(inherited)",
					"@executable_path/Frameworks",
				);
				MARKETING_VERSION = 1.0;
				PRODUCT_BUNDLE_IDENTIFIER = com.mustafatavasli.Yapcam;
				PRODUCT_NAME = "$(TARGET_NAME)";
				SWIFT_EMIT_LOC_STRINGS = YES;
				SWIFT_VERSION = 5.0;
				TARGETED_DEVICE_FAMILY = "1,2";
			};
			name = Debug;
		};
		D6AEAC282B9B1DF300F7767B /* Release */ = {
			isa = XCBuildConfiguration;
			buildSettings = {
				ASSETCATALOG_COMPILER_APPICON_NAME = AppIcon;
				ASSETCATALOG_COMPILER_GLOBAL_ACCENT_COLOR_NAME = AccentColor;
				CODE_SIGN_STYLE = Automatic;
				CURRENT_PROJECT_VERSION = 1;
				DEVELOPMENT_ASSET_PATHS = "\"Yapcam/Preview Content\"";
				ENABLE_PREVIEWS = YES;
				GENERATE_INFOPLIST_FILE = YES;
				INFOPLIST_KEY_UIApplicationSceneManifest_Generation = YES;
				INFOPLIST_KEY_UIApplicationSupportsIndirectInputEvents = YES;
				INFOPLIST_KEY_UILaunchScreen_Generation = YES;
				INFOPLIST_KEY_UISupportedInterfaceOrientations_iPad = "UIInterfaceOrientationPortrait UIInterfaceOrientationPortraitUpsideDown UIInterfaceOrientationLandscapeLeft UIInterfaceOrientationLandscapeRight";
				INFOPLIST_KEY_UISupportedInterfaceOrientations_iPhone = "UIInterfaceOrientationPortrait UIInterfaceOrientationLandscapeLeft UIInterfaceOrientationLandscapeRight";
				LD_RUNPATH_SEARCH_PATHS = (
					"$(inherited)",
					"@executable_path/Frameworks",
				);
				MARKETING_VERSION = 1.0;
				PRODUCT_BUNDLE_IDENTIFIER = com.mustafatavasli.Yapcam;
				PRODUCT_NAME = "$(TARGET_NAME)";
				SWIFT_EMIT_LOC_STRINGS = YES;
				SWIFT_VERSION = 5.0;
				TARGETED_DEVICE_FAMILY = "1,2";
			};
			name = Release;
		};
/* End XCBuildConfiguration section */

/* Begin XCConfigurationList section */
		D6AEAC0E2B9B1DF200F7767B /* Build configuration list for PBXProject "Yapcam" */ = {
			isa = XCConfigurationList;
			buildConfigurations = (
				D6AEAC242B9B1DF300F7767B /* Debug */,
				D6AEAC252B9B1DF300F7767B /* Release */,
			);
			defaultConfigurationIsVisible = 0;
			defaultConfigurationName = Release;
		};
		D6AEAC262B9B1DF300F7767B /* Build configuration list for PBXNativeTarget "Yapcam" */ = {
			isa = XCConfigurationList;
			buildConfigurations = (
				D6AEAC272B9B1DF300F7767B /* Debug */,
				D6AEAC282B9B1DF300F7767B /* Release */,
			);
			defaultConfigurationIsVisible = 0;
			defaultConfigurationName = Release;
		};
/* End XCConfigurationList section */

/* Begin XCVersionGroup section */
		D6AEAC212B9B1DF300F7767B /* Yapcam.xcdatamodeld */ = {
			isa = XCVersionGroup;
			children = (
				D6AEAC222B9B1DF300F7767B /* Yapcam.xcdatamodel */,
			);
			currentVersion = D6AEAC222B9B1DF300F7767B /* Yapcam.xcdatamodel */;
			path = Yapcam.xcdatamodeld;
			sourceTree = "<group>";
			versionGroupType = wrapper.xcdatamodel;
		};
/* End XCVersionGroup section */
	};
	rootObject = D6AEAC0B2B9B1DF200F7767B /* Project object */;
}
